
Microsoft Visual Studio Solution File, Format Version 12.00
# Visual Studio 15
VisualStudioVersion = 15.0.27703.2018
MinimumVisualStudioVersion = 10.0.40219.1
Project("{FAE04EC0-301F-11D3-BF4B-00C04F79EFBC}") = "Droppy v1", "Droppy v1\Droppy v1.csproj", "{10BF967A-5CDD-4090-AB42-C17F1EDE4C94}"
EndProject
Global
	GlobalSection(SolutionConfigurationPlatforms) = preSolution
		Debug|Any CPU = Debug|Any CPU
		Release|Any CPU = Release|Any CPU
	EndGlobalSection
	GlobalSection(ProjectConfigurationPlatforms) = postSolution
		{10BF967A-5CDD-4090-AB42-C17F1EDE4C94}.Debug|Any CPU.ActiveCfg = Debug|Any CPU
		{10BF967A-5CDD-4090-AB42-C17F1EDE4C94}.Debug|Any CPU.Build.0 = Debug|Any CPU
		{10BF967A-5CDD-4090-AB42-C17F1EDE4C94}.Release|Any CPU.ActiveCfg = Release|Any CPU
		{10BF967A-5CDD-4090-AB42-C17F1EDE4C94}.Release|Any CPU.Build.0 = Release|Any CPU
	EndGlobalSection
	GlobalSection(SolutionProperties) = preSolution
		HideSolutionNode = FALSE
	EndGlobalSection
	GlobalSection(ExtensibilityGlobals) = postSolution
		SolutionGuid = {E20D3572-9242-4575-958A-BD83FF8029B7}
	EndGlobalSection
EndGlobal
